// !$*UTF8*$!
{
	archiveVersion = 1;
	classes = {
	};
	objectVersion = 56;
	objects = {

/* Begin PBXBuildFile section */
		3410120C2C7D5CA9008999BC /* CategoryCollectionViewCell.swift in Sources */ = {isa = PBXBuildFile; fileRef = 3410120B2C7D5CA9008999BC /* CategoryCollectionViewCell.swift */; };
		3410120E2C7D635B008999BC /* ExploreViewModel.swift in Sources */ = {isa = PBXBuildFile; fileRef = 3410120D2C7D635B008999BC /* ExploreViewModel.swift */; };
		341012112C7D641E008999BC /* TravelCategory.swift in Sources */ = {isa = PBXBuildFile; fileRef = 341012102C7D641E008999BC /* TravelCategory.swift */; };
		341012132C7FEAA3008999BC /* PropertyDataModel.swift in Sources */ = {isa = PBXBuildFile; fileRef = 341012122C7FEAA3008999BC /* PropertyDataModel.swift */; };
		341012152C7FFBED008999BC /* DestinationTableViewCell.swift in Sources */ = {isa = PBXBuildFile; fileRef = 341012142C7FFBED008999BC /* DestinationTableViewCell.swift */; };
		341012172C800866008999BC /* CategoryImageCollectionViewCell.swift in Sources */ = {isa = PBXBuildFile; fileRef = 341012162C800866008999BC /* CategoryImageCollectionViewCell.swift */; };
		342C99662C9BABFB00065F76 /* HTTPClient.swift in Sources */ = {isa = PBXBuildFile; fileRef = 342C99522C9BABFB00065F76 /* HTTPClient.swift */; };
		342C99672C9BABFB00065F76 /* APIClient.swift in Sources */ = {isa = PBXBuildFile; fileRef = 342C99532C9BABFB00065F76 /* APIClient.swift */; };
		342C99682C9BABFB00065F76 /* EmptyResponse.swift in Sources */ = {isa = PBXBuildFile; fileRef = 342C99592C9BABFB00065F76 /* EmptyResponse.swift */; };
		342C99692C9BABFB00065F76 /* NetworkError.swift in Sources */ = {isa = PBXBuildFile; fileRef = 342C99632C9BABFB00065F76 /* NetworkError.swift */; };
		342C996A2C9BABFB00065F76 /* RequestBuilder.swift in Sources */ = {isa = PBXBuildFile; fileRef = 342C995B2C9BABFB00065F76 /* RequestBuilder.swift */; };
		342C996B2C9BABFB00065F76 /* NetworkLogger.swift in Sources */ = {isa = PBXBuildFile; fileRef = 342C99572C9BABFB00065F76 /* NetworkLogger.swift */; };
		342C996C2C9BABFB00065F76 /* LocalFileReader.swift in Sources */ = {isa = PBXBuildFile; fileRef = 342C99552C9BABFB00065F76 /* LocalFileReader.swift */; };
		342C996D2C9BABFB00065F76 /* Parameters.swift in Sources */ = {isa = PBXBuildFile; fileRef = 342C995F2C9BABFB00065F76 /* Parameters.swift */; };
		342C996E2C9BABFB00065F76 /* APIRequest.swift in Sources */ = {isa = PBXBuildFile; fileRef = 342C995D2C9BABFB00065F76 /* APIRequest.swift */; };
		342C996F2C9BABFB00065F76 /* HTTPMethod.swift in Sources */ = {isa = PBXBuildFile; fileRef = 342C99612C9BABFB00065F76 /* HTTPMethod.swift */; };
		342C99742C9BAF6F00065F76 /* ExploreService.swift in Sources */ = {isa = PBXBuildFile; fileRef = 342C99732C9BAF6900065F76 /* ExploreService.swift */; };
		342C99762C9BB3F100065F76 /* place.json in Resources */ = {isa = PBXBuildFile; fileRef = 342C99752C9BB3F100065F76 /* place.json */; };
		342C99792C9CF93900065F76 /* LoginViewController.swift in Sources */ = {isa = PBXBuildFile; fileRef = 342C99782C9CF93400065F76 /* LoginViewController.swift */; };
		342C997B2C9CF96500065F76 /* LoginScreen.swift in Sources */ = {isa = PBXBuildFile; fileRef = 342C997A2C9CF96500065F76 /* LoginScreen.swift */; };
		342C99802C9CF9D500065F76 /* LoginViewModel.swift in Sources */ = {isa = PBXBuildFile; fileRef = 342C997F2C9CF9CD00065F76 /* LoginViewModel.swift */; };
		342C99822C9CFEA400065F76 /* RegisterButtonView.swift in Sources */ = {isa = PBXBuildFile; fileRef = 342C99812C9CFEA400065F76 /* RegisterButtonView.swift */; };
		342C99FB2CA3728100065F76 /* FirebaseAuth in Frameworks */ = {isa = PBXBuildFile; productRef = 342C99FA2CA3728100065F76 /* FirebaseAuth */; };
		342C99FE2CA3786900065F76 /* GoogleSignIn in Frameworks */ = {isa = PBXBuildFile; productRef = 342C99FD2CA3786900065F76 /* GoogleSignIn */; };
		342C9A002CA3786900065F76 /* GoogleSignInSwift in Frameworks */ = {isa = PBXBuildFile; productRef = 342C99FF2CA3786900065F76 /* GoogleSignInSwift */; };
		342C9A022CA3799100065F76 /* GoogleService-Info.plist in Resources */ = {isa = PBXBuildFile; fileRef = 342C9A012CA3799100065F76 /* GoogleService-Info.plist */; };
		342C9A052CA381F500065F76 /* FacebookCore in Frameworks */ = {isa = PBXBuildFile; productRef = 342C9A042CA381F500065F76 /* FacebookCore */; };
		342C9A072CA381F500065F76 /* FacebookLogin in Frameworks */ = {isa = PBXBuildFile; productRef = 342C9A062CA381F500065F76 /* FacebookLogin */; };
		342C9A0A2CA396D100065F76 /* FirebaseRemoteConfig in Frameworks */ = {isa = PBXBuildFile; productRef = 342C9A092CA396D100065F76 /* FirebaseRemoteConfig */; };
		342C9A0D2CA3970900065F76 /* RemoteConfigManager.swift in Sources */ = {isa = PBXBuildFile; fileRef = 342C9A0C2CA3970200065F76 /* RemoteConfigManager.swift */; };
		3431D45D2CAE09E5002C68AB /* FirebaseFirestore in Frameworks */ = {isa = PBXBuildFile; productRef = 3431D45C2CAE09E5002C68AB /* FirebaseFirestore */; };
		3431D4612CAE0B57002C68AB /* FirebaseFirestoreManager.swift in Sources */ = {isa = PBXBuildFile; fileRef = 3431D4602CAE0B4D002C68AB /* FirebaseFirestoreManager.swift */; };
		3431D4642CAE11F3002C68AB /* User.swift in Sources */ = {isa = PBXBuildFile; fileRef = 3431D4632CAE11F3002C68AB /* User.swift */; };
		344666B52C61AC4A00A2930A /* AppDelegate.swift in Sources */ = {isa = PBXBuildFile; fileRef = 344666B42C61AC4A00A2930A /* AppDelegate.swift */; };
		344666B72C61AC4A00A2930A /* SceneDelegate.swift in Sources */ = {isa = PBXBuildFile; fileRef = 344666B62C61AC4A00A2930A /* SceneDelegate.swift */; };
		344666B92C61AC4A00A2930A /* MainTabBarController.swift in Sources */ = {isa = PBXBuildFile; fileRef = 344666B82C61AC4A00A2930A /* MainTabBarController.swift */; };
		344666BE2C61AC4C00A2930A /* Assets.xcassets in Resources */ = {isa = PBXBuildFile; fileRef = 344666BD2C61AC4C00A2930A /* Assets.xcassets */; };
		344666C12C61AC4C00A2930A /* Base in Resources */ = {isa = PBXBuildFile; fileRef = 344666C02C61AC4C00A2930A /* Base */; };
		344666CB2C61B95600A2930A /* ExploreViewController.swift in Sources */ = {isa = PBXBuildFile; fileRef = 344666CA2C61B95600A2930A /* ExploreViewController.swift */; };
		344666CE2C61B97000A2930A /* ExploreScreen.swift in Sources */ = {isa = PBXBuildFile; fileRef = 344666CD2C61B97000A2930A /* ExploreScreen.swift */; };
		344666D12C61B9AC00A2930A /* FavoriteViewController.swift in Sources */ = {isa = PBXBuildFile; fileRef = 344666D02C61B9AC00A2930A /* FavoriteViewController.swift */; };
		344666D42C61B9C700A2930A /* FavoriteScreen.swift in Sources */ = {isa = PBXBuildFile; fileRef = 344666D32C61B9C700A2930A /* FavoriteScreen.swift */; };
		344666D72C61BA1200A2930A /* TravelViewController.swift in Sources */ = {isa = PBXBuildFile; fileRef = 344666D62C61BA1200A2930A /* TravelViewController.swift */; };
		344666DA2C61BA3600A2930A /* TravelScreen.swift in Sources */ = {isa = PBXBuildFile; fileRef = 344666D92C61BA3600A2930A /* TravelScreen.swift */; };
		344666DD2C61BA9900A2930A /* MessageViewController.swift in Sources */ = {isa = PBXBuildFile; fileRef = 344666DC2C61BA9900A2930A /* MessageViewController.swift */; };
		344666E02C61BAB400A2930A /* MessageScreen.swift in Sources */ = {isa = PBXBuildFile; fileRef = 344666DF2C61BAB400A2930A /* MessageScreen.swift */; };
		344666E32C61BAEE00A2930A /* ProfileViewController.swift in Sources */ = {isa = PBXBuildFile; fileRef = 344666E22C61BAEE00A2930A /* ProfileViewController.swift */; };
		344666E62C61BB0900A2930A /* ProfileScreen.swift in Sources */ = {isa = PBXBuildFile; fileRef = 344666E52C61BB0900A2930A /* ProfileScreen.swift */; };
		3446670B2C65A8C200A2930A /* SearchBarView.swift in Sources */ = {isa = PBXBuildFile; fileRef = 3446670A2C65A8C200A2930A /* SearchBarView.swift */; };
		345D64AA2C8A833D00919C47 /* category.json in Resources */ = {isa = PBXBuildFile; fileRef = 345D64A92C8A833D00919C47 /* category.json */; };
/* End PBXBuildFile section */

/* Begin PBXFileReference section */
		3410120B2C7D5CA9008999BC /* CategoryCollectionViewCell.swift */ = {isa = PBXFileReference; lastKnownFileType = sourcecode.swift; path = CategoryCollectionViewCell.swift; sourceTree = "<group>"; };
		3410120D2C7D635B008999BC /* ExploreViewModel.swift */ = {isa = PBXFileReference; lastKnownFileType = sourcecode.swift; path = ExploreViewModel.swift; sourceTree = "<group>"; };
		341012102C7D641E008999BC /* TravelCategory.swift */ = {isa = PBXFileReference; lastKnownFileType = sourcecode.swift; path = TravelCategory.swift; sourceTree = "<group>"; };
		341012122C7FEAA3008999BC /* PropertyDataModel.swift */ = {isa = PBXFileReference; lastKnownFileType = sourcecode.swift; path = PropertyDataModel.swift; sourceTree = "<group>"; };
		341012142C7FFBED008999BC /* DestinationTableViewCell.swift */ = {isa = PBXFileReference; lastKnownFileType = sourcecode.swift; path = DestinationTableViewCell.swift; sourceTree = "<group>"; };
		341012162C800866008999BC /* CategoryImageCollectionViewCell.swift */ = {isa = PBXFileReference; lastKnownFileType = sourcecode.swift; path = CategoryImageCollectionViewCell.swift; sourceTree = "<group>"; };
		342C99522C9BABFB00065F76 /* HTTPClient.swift */ = {isa = PBXFileReference; lastKnownFileType = sourcecode.swift; path = HTTPClient.swift; sourceTree = "<group>"; };
		342C99532C9BABFB00065F76 /* APIClient.swift */ = {isa = PBXFileReference; lastKnownFileType = sourcecode.swift; path = APIClient.swift; sourceTree = "<group>"; };
		342C99552C9BABFB00065F76 /* LocalFileReader.swift */ = {isa = PBXFileReference; lastKnownFileType = sourcecode.swift; path = LocalFileReader.swift; sourceTree = "<group>"; };
		342C99572C9BABFB00065F76 /* NetworkLogger.swift */ = {isa = PBXFileReference; lastKnownFileType = sourcecode.swift; path = NetworkLogger.swift; sourceTree = "<group>"; };
		342C99592C9BABFB00065F76 /* EmptyResponse.swift */ = {isa = PBXFileReference; lastKnownFileType = sourcecode.swift; path = EmptyResponse.swift; sourceTree = "<group>"; };
		342C995B2C9BABFB00065F76 /* RequestBuilder.swift */ = {isa = PBXFileReference; lastKnownFileType = sourcecode.swift; path = RequestBuilder.swift; sourceTree = "<group>"; };
		342C995D2C9BABFB00065F76 /* APIRequest.swift */ = {isa = PBXFileReference; lastKnownFileType = sourcecode.swift; path = APIRequest.swift; sourceTree = "<group>"; };
		342C995F2C9BABFB00065F76 /* Parameters.swift */ = {isa = PBXFileReference; lastKnownFileType = sourcecode.swift; path = Parameters.swift; sourceTree = "<group>"; };
		342C99612C9BABFB00065F76 /* HTTPMethod.swift */ = {isa = PBXFileReference; lastKnownFileType = sourcecode.swift; path = HTTPMethod.swift; sourceTree = "<group>"; };
		342C99632C9BABFB00065F76 /* NetworkError.swift */ = {isa = PBXFileReference; lastKnownFileType = sourcecode.swift; path = NetworkError.swift; sourceTree = "<group>"; };
		342C99732C9BAF6900065F76 /* ExploreService.swift */ = {isa = PBXFileReference; lastKnownFileType = sourcecode.swift; path = ExploreService.swift; sourceTree = "<group>"; };
		342C99752C9BB3F100065F76 /* place.json */ = {isa = PBXFileReference; lastKnownFileType = text.json; path = place.json; sourceTree = "<group>"; };
		342C99782C9CF93400065F76 /* LoginViewController.swift */ = {isa = PBXFileReference; lastKnownFileType = sourcecode.swift; path = LoginViewController.swift; sourceTree = "<group>"; };
		342C997A2C9CF96500065F76 /* LoginScreen.swift */ = {isa = PBXFileReference; lastKnownFileType = sourcecode.swift; path = LoginScreen.swift; sourceTree = "<group>"; };
		342C997F2C9CF9CD00065F76 /* LoginViewModel.swift */ = {isa = PBXFileReference; lastKnownFileType = sourcecode.swift; path = LoginViewModel.swift; sourceTree = "<group>"; };
		342C99812C9CFEA400065F76 /* RegisterButtonView.swift */ = {isa = PBXFileReference; lastKnownFileType = sourcecode.swift; path = RegisterButtonView.swift; sourceTree = "<group>"; };
		342C9A012CA3799100065F76 /* GoogleService-Info.plist */ = {isa = PBXFileReference; lastKnownFileType = text.plist.xml; path = "GoogleService-Info.plist"; sourceTree = "<group>"; };
		342C9A0C2CA3970200065F76 /* RemoteConfigManager.swift */ = {isa = PBXFileReference; lastKnownFileType = sourcecode.swift; path = RemoteConfigManager.swift; sourceTree = "<group>"; };
		3431D4602CAE0B4D002C68AB /* FirebaseFirestoreManager.swift */ = {isa = PBXFileReference; lastKnownFileType = sourcecode.swift; path = FirebaseFirestoreManager.swift; sourceTree = "<group>"; };
		3431D4632CAE11F3002C68AB /* User.swift */ = {isa = PBXFileReference; lastKnownFileType = sourcecode.swift; path = User.swift; sourceTree = "<group>"; };
		344666B12C61AC4A00A2930A /* AirbnbCloneBootcampProfessor.app */ = {isa = PBXFileReference; explicitFileType = wrapper.application; includeInIndex = 0; path = AirbnbCloneBootcampProfessor.app; sourceTree = BUILT_PRODUCTS_DIR; };
		344666B42C61AC4A00A2930A /* AppDelegate.swift */ = {isa = PBXFileReference; lastKnownFileType = sourcecode.swift; path = AppDelegate.swift; sourceTree = "<group>"; };
		344666B62C61AC4A00A2930A /* SceneDelegate.swift */ = {isa = PBXFileReference; lastKnownFileType = sourcecode.swift; path = SceneDelegate.swift; sourceTree = "<group>"; };
		344666B82C61AC4A00A2930A /* MainTabBarController.swift */ = {isa = PBXFileReference; lastKnownFileType = sourcecode.swift; path = MainTabBarController.swift; sourceTree = "<group>"; };
		344666BD2C61AC4C00A2930A /* Assets.xcassets */ = {isa = PBXFileReference; lastKnownFileType = folder.assetcatalog; path = Assets.xcassets; sourceTree = "<group>"; };
		344666C02C61AC4C00A2930A /* Base */ = {isa = PBXFileReference; lastKnownFileType = file.storyboard; name = Base; path = Base.lproj/LaunchScreen.storyboard; sourceTree = "<group>"; };
		344666C22C61AC4C00A2930A /* Info.plist */ = {isa = PBXFileReference; lastKnownFileType = text.plist.xml; path = Info.plist; sourceTree = "<group>"; };
		344666CA2C61B95600A2930A /* ExploreViewController.swift */ = {isa = PBXFileReference; lastKnownFileType = sourcecode.swift; path = ExploreViewController.swift; sourceTree = "<group>"; };
		344666CD2C61B97000A2930A /* ExploreScreen.swift */ = {isa = PBXFileReference; lastKnownFileType = sourcecode.swift; path = ExploreScreen.swift; sourceTree = "<group>"; };
		344666D02C61B9AC00A2930A /* FavoriteViewController.swift */ = {isa = PBXFileReference; lastKnownFileType = sourcecode.swift; path = FavoriteViewController.swift; sourceTree = "<group>"; };
		344666D32C61B9C700A2930A /* FavoriteScreen.swift */ = {isa = PBXFileReference; lastKnownFileType = sourcecode.swift; path = FavoriteScreen.swift; sourceTree = "<group>"; };
		344666D62C61BA1200A2930A /* TravelViewController.swift */ = {isa = PBXFileReference; lastKnownFileType = sourcecode.swift; path = TravelViewController.swift; sourceTree = "<group>"; };
		344666D92C61BA3600A2930A /* TravelScreen.swift */ = {isa = PBXFileReference; lastKnownFileType = sourcecode.swift; path = TravelScreen.swift; sourceTree = "<group>"; };
		344666DC2C61BA9900A2930A /* MessageViewController.swift */ = {isa = PBXFileReference; lastKnownFileType = sourcecode.swift; path = MessageViewController.swift; sourceTree = "<group>"; };
		344666DF2C61BAB400A2930A /* MessageScreen.swift */ = {isa = PBXFileReference; lastKnownFileType = sourcecode.swift; path = MessageScreen.swift; sourceTree = "<group>"; };
		344666E22C61BAEE00A2930A /* ProfileViewController.swift */ = {isa = PBXFileReference; lastKnownFileType = sourcecode.swift; path = ProfileViewController.swift; sourceTree = "<group>"; };
		344666E52C61BB0900A2930A /* ProfileScreen.swift */ = {isa = PBXFileReference; lastKnownFileType = sourcecode.swift; path = ProfileScreen.swift; sourceTree = "<group>"; };
		3446670A2C65A8C200A2930A /* SearchBarView.swift */ = {isa = PBXFileReference; lastKnownFileType = sourcecode.swift; path = SearchBarView.swift; sourceTree = "<group>"; };
		345D64A92C8A833D00919C47 /* category.json */ = {isa = PBXFileReference; fileEncoding = 4; lastKnownFileType = text.json; path = category.json; sourceTree = "<group>"; };
/* End PBXFileReference section */

/* Begin PBXFrameworksBuildPhase section */
		344666AE2C61AC4A00A2930A /* Frameworks */ = {
			isa = PBXFrameworksBuildPhase;
			buildActionMask = 2147483647;
			files = (
				342C9A072CA381F500065F76 /* FacebookLogin in Frameworks */,
				342C9A002CA3786900065F76 /* GoogleSignInSwift in Frameworks */,
				342C99FB2CA3728100065F76 /* FirebaseAuth in Frameworks */,
				342C9A0A2CA396D100065F76 /* FirebaseRemoteConfig in Frameworks */,
				342C99FE2CA3786900065F76 /* GoogleSignIn in Frameworks */,
				342C9A052CA381F500065F76 /* FacebookCore in Frameworks */,
				3431D45D2CAE09E5002C68AB /* FirebaseFirestore in Frameworks */,
			);
			runOnlyForDeploymentPostprocessing = 0;
		};
/* End PBXFrameworksBuildPhase section */

/* Begin PBXGroup section */
		3410120A2C7D5C90008999BC /* Cell */ = {
			isa = PBXGroup;
			children = (
				3410120B2C7D5CA9008999BC /* CategoryCollectionViewCell.swift */,
				341012142C7FFBED008999BC /* DestinationTableViewCell.swift */,
				341012162C800866008999BC /* CategoryImageCollectionViewCell.swift */,
			);
			path = Cell;
			sourceTree = "<group>";
		};
		3410120F2C7D640A008999BC /* Model */ = {
			isa = PBXGroup;
			children = (
				341012102C7D641E008999BC /* TravelCategory.swift */,
				341012122C7FEAA3008999BC /* PropertyDataModel.swift */,
			);
			path = Model;
			sourceTree = "<group>";
		};
		342C99542C9BABFB00065F76 /* APIClient */ = {
			isa = PBXGroup;
			children = (
				342C99522C9BABFB00065F76 /* HTTPClient.swift */,
				342C99532C9BABFB00065F76 /* APIClient.swift */,
			);
			path = APIClient;
			sourceTree = "<group>";
		};
		342C99562C9BABFB00065F76 /* LocalFileReader */ = {
			isa = PBXGroup;
			children = (
				342C99552C9BABFB00065F76 /* LocalFileReader.swift */,
			);
			path = LocalFileReader;
			sourceTree = "<group>";
		};
		342C99582C9BABFB00065F76 /* NetworkLogger */ = {
			isa = PBXGroup;
			children = (
				342C99572C9BABFB00065F76 /* NetworkLogger.swift */,
			);
			path = NetworkLogger;
			sourceTree = "<group>";
		};
		342C995A2C9BABFB00065F76 /* EmptyResponse */ = {
			isa = PBXGroup;
			children = (
				342C99592C9BABFB00065F76 /* EmptyResponse.swift */,
			);
			path = EmptyResponse;
			sourceTree = "<group>";
		};
		342C995C2C9BABFB00065F76 /* RequestBuilder */ = {
			isa = PBXGroup;
			children = (
				342C995B2C9BABFB00065F76 /* RequestBuilder.swift */,
			);
			path = RequestBuilder;
			sourceTree = "<group>";
		};
		342C99602C9BABFB00065F76 /* Parameters */ = {
			isa = PBXGroup;
			children = (
				342C995F2C9BABFB00065F76 /* Parameters.swift */,
			);
			path = Parameters;
			sourceTree = "<group>";
		};
		342C99622C9BABFB00065F76 /* HTTPMethod */ = {
			isa = PBXGroup;
			children = (
				342C99612C9BABFB00065F76 /* HTTPMethod.swift */,
			);
			path = HTTPMethod;
			sourceTree = "<group>";
		};
		342C99642C9BABFB00065F76 /* NetworkError */ = {
			isa = PBXGroup;
			children = (
				342C99632C9BABFB00065F76 /* NetworkError.swift */,
			);
			path = NetworkError;
			sourceTree = "<group>";
		};
		342C99652C9BABFB00065F76 /* Service */ = {
			isa = PBXGroup;
			children = (
				342C99702C9BACB400065F76 /* APIRequest */,
				342C99542C9BABFB00065F76 /* APIClient */,
				342C99562C9BABFB00065F76 /* LocalFileReader */,
				342C99582C9BABFB00065F76 /* NetworkLogger */,
				342C995A2C9BABFB00065F76 /* EmptyResponse */,
				342C995C2C9BABFB00065F76 /* RequestBuilder */,
				342C99602C9BABFB00065F76 /* Parameters */,
				342C99622C9BABFB00065F76 /* HTTPMethod */,
				342C99642C9BABFB00065F76 /* NetworkError */,
			);
			path = Service;
			sourceTree = "<group>";
		};
		342C99702C9BACB400065F76 /* APIRequest */ = {
			isa = PBXGroup;
			children = (
				342C995D2C9BABFB00065F76 /* APIRequest.swift */,
			);
			path = APIRequest;
			sourceTree = "<group>";
		};
		342C99712C9BAEC900065F76 /* ViewModel */ = {
			isa = PBXGroup;
			children = (
				3410120D2C7D635B008999BC /* ExploreViewModel.swift */,
			);
			path = ViewModel;
			sourceTree = "<group>";
		};
		342C99722C9BAEDF00065F76 /* Service */ = {
			isa = PBXGroup;
			children = (
				342C99732C9BAF6900065F76 /* ExploreService.swift */,
			);
			path = Service;
			sourceTree = "<group>";
		};
		342C99772C9CF92300065F76 /* Login */ = {
			isa = PBXGroup;
			children = (
				342C997E2C9CF9C500065F76 /* ViewModel */,
				342C997C2C9CF9B300065F76 /* Screen */,
				342C99782C9CF93400065F76 /* LoginViewController.swift */,
			);
			path = Login;
			sourceTree = "<group>";
		};
		342C997C2C9CF9B300065F76 /* Screen */ = {
			isa = PBXGroup;
			children = (
				342C997A2C9CF96500065F76 /* LoginScreen.swift */,
				342C99812C9CFEA400065F76 /* RegisterButtonView.swift */,
			);
			path = Screen;
			sourceTree = "<group>";
		};
		342C997E2C9CF9C500065F76 /* ViewModel */ = {
			isa = PBXGroup;
			children = (
				342C997F2C9CF9CD00065F76 /* LoginViewModel.swift */,
			);
			path = ViewModel;
			sourceTree = "<group>";
		};
		342C9A082CA396D100065F76 /* Frameworks */ = {
			isa = PBXGroup;
			children = (
			);
			name = Frameworks;
			sourceTree = "<group>";
		};
		342C9A0B2CA396EF00065F76 /* RemoteConfigManager */ = {
			isa = PBXGroup;
			children = (
				342C9A0C2CA3970200065F76 /* RemoteConfigManager.swift */,
			);
			path = RemoteConfigManager;
			sourceTree = "<group>";
		};
		3431D45E2CAE0B36002C68AB /* Firebase */ = {
			isa = PBXGroup;
			children = (
				3431D45F2CAE0B40002C68AB /* FirebaseFirestore */,
				342C9A0B2CA396EF00065F76 /* RemoteConfigManager */,
			);
			path = Firebase;
			sourceTree = "<group>";
		};
		3431D45F2CAE0B40002C68AB /* FirebaseFirestore */ = {
			isa = PBXGroup;
			children = (
				3431D4602CAE0B4D002C68AB /* FirebaseFirestoreManager.swift */,
			);
			path = FirebaseFirestore;
			sourceTree = "<group>";
		};
		3431D4622CAE11EC002C68AB /* Model */ = {
			isa = PBXGroup;
			children = (
				3431D4632CAE11F3002C68AB /* User.swift */,
			);
			path = Model;
			sourceTree = "<group>";
		};
		344666A82C61AC4A00A2930A = {
			isa = PBXGroup;
			children = (
				344666B32C61AC4A00A2930A /* AirbnbCloneBootcampProfessor */,
				342C9A082CA396D100065F76 /* Frameworks */,
				344666B22C61AC4A00A2930A /* Products */,
			);
			sourceTree = "<group>";
		};
		344666B22C61AC4A00A2930A /* Products */ = {
			isa = PBXGroup;
			children = (
				344666B12C61AC4A00A2930A /* AirbnbCloneBootcampProfessor.app */,
			);
			name = Products;
			sourceTree = "<group>";
		};
		344666B32C61AC4A00A2930A /* AirbnbCloneBootcampProfessor */ = {
			isa = PBXGroup;
			children = (
				3431D4622CAE11EC002C68AB /* Model */,
				3431D45E2CAE0B36002C68AB /* Firebase */,
				342C99772C9CF92300065F76 /* Login */,
				342C99652C9BABFB00065F76 /* Service */,
				345D64A72C8A831500919C47 /* Resource */,
				344667092C65A8AE00A2930A /* SearchBarView */,
				344666E12C61BAE600A2930A /* Profile */,
				344666DB2C61BA8A00A2930A /* Message */,
				344666D52C61BA0200A2930A /* Travel */,
				344666CF2C61B9A500A2930A /* Favorite */,
				344666C82C61B92600A2930A /* MainTabBarController */,
				344666C92C61B95000A2930A /* Explore */,
				344666B42C61AC4A00A2930A /* AppDelegate.swift */,
				344666B62C61AC4A00A2930A /* SceneDelegate.swift */,
				344666BD2C61AC4C00A2930A /* Assets.xcassets */,
				344666BF2C61AC4C00A2930A /* LaunchScreen.storyboard */,
				344666C22C61AC4C00A2930A /* Info.plist */,
				342C9A012CA3799100065F76 /* GoogleService-Info.plist */,
			);
			path = AirbnbCloneBootcampProfessor;
			sourceTree = "<group>";
		};
		344666C82C61B92600A2930A /* MainTabBarController */ = {
			isa = PBXGroup;
			children = (
				344666B82C61AC4A00A2930A /* MainTabBarController.swift */,
			);
			path = MainTabBarController;
			sourceTree = "<group>";
		};
		344666C92C61B95000A2930A /* Explore */ = {
			isa = PBXGroup;
			children = (
				342C99722C9BAEDF00065F76 /* Service */,
				342C99712C9BAEC900065F76 /* ViewModel */,
				3410120F2C7D640A008999BC /* Model */,
				3410120A2C7D5C90008999BC /* Cell */,
				344666CC2C61B96400A2930A /* Screen */,
				344666CA2C61B95600A2930A /* ExploreViewController.swift */,
			);
			path = Explore;
			sourceTree = "<group>";
		};
		344666CC2C61B96400A2930A /* Screen */ = {
			isa = PBXGroup;
			children = (
				344666CD2C61B97000A2930A /* ExploreScreen.swift */,
			);
			path = Screen;
			sourceTree = "<group>";
		};
		344666CF2C61B9A500A2930A /* Favorite */ = {
			isa = PBXGroup;
			children = (
				344666D22C61B9BC00A2930A /* Screen */,
				344666D02C61B9AC00A2930A /* FavoriteViewController.swift */,
			);
			path = Favorite;
			sourceTree = "<group>";
		};
		344666D22C61B9BC00A2930A /* Screen */ = {
			isa = PBXGroup;
			children = (
				344666D32C61B9C700A2930A /* FavoriteScreen.swift */,
			);
			path = Screen;
			sourceTree = "<group>";
		};
		344666D52C61BA0200A2930A /* Travel */ = {
			isa = PBXGroup;
			children = (
				344666D82C61BA2900A2930A /* Screen */,
				344666D62C61BA1200A2930A /* TravelViewController.swift */,
			);
			path = Travel;
			sourceTree = "<group>";
		};
		344666D82C61BA2900A2930A /* Screen */ = {
			isa = PBXGroup;
			children = (
				344666D92C61BA3600A2930A /* TravelScreen.swift */,
			);
			path = Screen;
			sourceTree = "<group>";
		};
		344666DB2C61BA8A00A2930A /* Message */ = {
			isa = PBXGroup;
			children = (
				344666DE2C61BAAB00A2930A /* Screen */,
				344666DC2C61BA9900A2930A /* MessageViewController.swift */,
			);
			path = Message;
			sourceTree = "<group>";
		};
		344666DE2C61BAAB00A2930A /* Screen */ = {
			isa = PBXGroup;
			children = (
				344666DF2C61BAB400A2930A /* MessageScreen.swift */,
			);
			path = Screen;
			sourceTree = "<group>";
		};
		344666E12C61BAE600A2930A /* Profile */ = {
			isa = PBXGroup;
			children = (
				344666E42C61BB0100A2930A /* Screen */,
				344666E22C61BAEE00A2930A /* ProfileViewController.swift */,
			);
			path = Profile;
			sourceTree = "<group>";
		};
		344666E42C61BB0100A2930A /* Screen */ = {
			isa = PBXGroup;
			children = (
				344666E52C61BB0900A2930A /* ProfileScreen.swift */,
			);
			path = Screen;
			sourceTree = "<group>";
		};
		344667092C65A8AE00A2930A /* SearchBarView */ = {
			isa = PBXGroup;
			children = (
				3446670A2C65A8C200A2930A /* SearchBarView.swift */,
			);
			path = SearchBarView;
			sourceTree = "<group>";
		};
		345D64A72C8A831500919C47 /* Resource */ = {
			isa = PBXGroup;
			children = (
				345D64A82C8A832600919C47 /* Json */,
			);
			path = Resource;
			sourceTree = "<group>";
		};
		345D64A82C8A832600919C47 /* Json */ = {
			isa = PBXGroup;
			children = (
				342C99752C9BB3F100065F76 /* place.json */,
				345D64A92C8A833D00919C47 /* category.json */,
			);
			path = Json;
			sourceTree = "<group>";
		};
/* End PBXGroup section */

/* Begin PBXNativeTarget section */
		344666B02C61AC4A00A2930A /* AirbnbCloneBootcampProfessor */ = {
			isa = PBXNativeTarget;
			buildConfigurationList = 344666C52C61AC4C00A2930A /* Build configuration list for PBXNativeTarget "AirbnbCloneBootcampProfessor" */;
			buildPhases = (
				344666AD2C61AC4A00A2930A /* Sources */,
				344666AE2C61AC4A00A2930A /* Frameworks */,
				344666AF2C61AC4A00A2930A /* Resources */,
			);
			buildRules = (
			);
			dependencies = (
			);
			name = AirbnbCloneBootcampProfessor;
			productName = AirbnbCloneBootcampProfessor;
			productReference = 344666B12C61AC4A00A2930A /* AirbnbCloneBootcampProfessor.app */;
			productType = "com.apple.product-type.application";
		};
/* End PBXNativeTarget section */

/* Begin PBXProject section */
		344666A92C61AC4A00A2930A /* Project object */ = {
			isa = PBXProject;
			attributes = {
				BuildIndependentTargetsInParallel = 1;
				LastSwiftUpdateCheck = 1540;
				LastUpgradeCheck = 1540;
				TargetAttributes = {
					344666B02C61AC4A00A2930A = {
						CreatedOnToolsVersion = 15.4;
					};
				};
			};
			buildConfigurationList = 344666AC2C61AC4A00A2930A /* Build configuration list for PBXProject "AirbnbCloneBootcampProfessor" */;
			compatibilityVersion = "Xcode 14.0";
			developmentRegion = en;
			hasScannedForEncodings = 0;
			knownRegions = (
				en,
				Base,
			);
			mainGroup = 344666A82C61AC4A00A2930A;
			packageReferences = (
				342C99F92CA3728100065F76 /* XCRemoteSwiftPackageReference "firebase-ios-sdk" */,
				342C99FC2CA3786900065F76 /* XCRemoteSwiftPackageReference "GoogleSignIn-iOS" */,
				342C9A032CA381F500065F76 /* XCRemoteSwiftPackageReference "facebook-ios-sdk" */,
			);
			productRefGroup = 344666B22C61AC4A00A2930A /* Products */;
			projectDirPath = "";
			projectRoot = "";
			targets = (
				344666B02C61AC4A00A2930A /* AirbnbCloneBootcampProfessor */,
			);
		};
/* End PBXProject section */

/* Begin PBXResourcesBuildPhase section */
		344666AF2C61AC4A00A2930A /* Resources */ = {
			isa = PBXResourcesBuildPhase;
			buildActionMask = 2147483647;
			files = (
				345D64AA2C8A833D00919C47 /* category.json in Resources */,
				344666BE2C61AC4C00A2930A /* Assets.xcassets in Resources */,
				342C9A022CA3799100065F76 /* GoogleService-Info.plist in Resources */,
				344666C12C61AC4C00A2930A /* Base in Resources */,
				342C99762C9BB3F100065F76 /* place.json in Resources */,
			);
			runOnlyForDeploymentPostprocessing = 0;
		};
/* End PBXResourcesBuildPhase section */

/* Begin PBXSourcesBuildPhase section */
		344666AD2C61AC4A00A2930A /* Sources */ = {
			isa = PBXSourcesBuildPhase;
			buildActionMask = 2147483647;
			files = (
				3431D4612CAE0B57002C68AB /* FirebaseFirestoreManager.swift in Sources */,
				344666CE2C61B97000A2930A /* ExploreScreen.swift in Sources */,
				3410120C2C7D5CA9008999BC /* CategoryCollectionViewCell.swift in Sources */,
				344666DA2C61BA3600A2930A /* TravelScreen.swift in Sources */,
				342C99822C9CFEA400065F76 /* RegisterButtonView.swift in Sources */,
				344666CB2C61B95600A2930A /* ExploreViewController.swift in Sources */,
				342C9A0D2CA3970900065F76 /* RemoteConfigManager.swift in Sources */,
				344666D72C61BA1200A2930A /* TravelViewController.swift in Sources */,
				344666E62C61BB0900A2930A /* ProfileScreen.swift in Sources */,
				344666DD2C61BA9900A2930A /* MessageViewController.swift in Sources */,
				344666B92C61AC4A00A2930A /* MainTabBarController.swift in Sources */,
				344666E32C61BAEE00A2930A /* ProfileViewController.swift in Sources */,
				341012112C7D641E008999BC /* TravelCategory.swift in Sources */,
				342C99802C9CF9D500065F76 /* LoginViewModel.swift in Sources */,
				341012152C7FFBED008999BC /* DestinationTableViewCell.swift in Sources */,
				344666B52C61AC4A00A2930A /* AppDelegate.swift in Sources */,
				342C99792C9CF93900065F76 /* LoginViewController.swift in Sources */,
				341012172C800866008999BC /* CategoryImageCollectionViewCell.swift in Sources */,
				3431D4642CAE11F3002C68AB /* User.swift in Sources */,
				344666E02C61BAB400A2930A /* MessageScreen.swift in Sources */,
				342C99742C9BAF6F00065F76 /* ExploreService.swift in Sources */,
				341012132C7FEAA3008999BC /* PropertyDataModel.swift in Sources */,
				3446670B2C65A8C200A2930A /* SearchBarView.swift in Sources */,
				342C99662C9BABFB00065F76 /* HTTPClient.swift in Sources */,
				342C99672C9BABFB00065F76 /* APIClient.swift in Sources */,
				342C997B2C9CF96500065F76 /* LoginScreen.swift in Sources */,
				342C99682C9BABFB00065F76 /* EmptyResponse.swift in Sources */,
				342C99692C9BABFB00065F76 /* NetworkError.swift in Sources */,
				342C996A2C9BABFB00065F76 /* RequestBuilder.swift in Sources */,
				342C996B2C9BABFB00065F76 /* NetworkLogger.swift in Sources */,
				342C996C2C9BABFB00065F76 /* LocalFileReader.swift in Sources */,
				342C996D2C9BABFB00065F76 /* Parameters.swift in Sources */,
				342C996E2C9BABFB00065F76 /* APIRequest.swift in Sources */,
				342C996F2C9BABFB00065F76 /* HTTPMethod.swift in Sources */,
				3410120E2C7D635B008999BC /* ExploreViewModel.swift in Sources */,
				344666D42C61B9C700A2930A /* FavoriteScreen.swift in Sources */,
				344666D12C61B9AC00A2930A /* FavoriteViewController.swift in Sources */,
				344666B72C61AC4A00A2930A /* SceneDelegate.swift in Sources */,
			);
			runOnlyForDeploymentPostprocessing = 0;
		};
/* End PBXSourcesBuildPhase section */

/* Begin PBXVariantGroup section */
		344666BF2C61AC4C00A2930A /* LaunchScreen.storyboard */ = {
			isa = PBXVariantGroup;
			children = (
				344666C02C61AC4C00A2930A /* Base */,
			);
			name = LaunchScreen.storyboard;
			sourceTree = "<group>";
		};
/* End PBXVariantGroup section */

/* Begin XCBuildConfiguration section */
		344666C32C61AC4C00A2930A /* Debug */ = {
			isa = XCBuildConfiguration;
			buildSettings = {
				ALWAYS_SEARCH_USER_PATHS = NO;
				ASSETCATALOG_COMPILER_GENERATE_SWIFT_ASSET_SYMBOL_EXTENSIONS = YES;
				CLANG_ANALYZER_NONNULL = YES;
				CLANG_ANALYZER_NUMBER_OBJECT_CONVERSION = YES_AGGRESSIVE;
				CLANG_CXX_LANGUAGE_STANDARD = "gnu++20";
				CLANG_ENABLE_MODULES = YES;
				CLANG_ENABLE_OBJC_ARC = YES;
				CLANG_ENABLE_OBJC_WEAK = YES;
				CLANG_WARN_BLOCK_CAPTURE_AUTORELEASING = YES;
				CLANG_WARN_BOOL_CONVERSION = YES;
				CLANG_WARN_COMMA = YES;
				CLANG_WARN_CONSTANT_CONVERSION = YES;
				CLANG_WARN_DEPRECATED_OBJC_IMPLEMENTATIONS = YES;
				CLANG_WARN_DIRECT_OBJC_ISA_USAGE = YES_ERROR;
				CLANG_WARN_DOCUMENTATION_COMMENTS = YES;
				CLANG_WARN_EMPTY_BODY = YES;
				CLANG_WARN_ENUM_CONVERSION = YES;
				CLANG_WARN_INFINITE_RECURSION = YES;
				CLANG_WARN_INT_CONVERSION = YES;
				CLANG_WARN_NON_LITERAL_NULL_CONVERSION = YES;
				CLANG_WARN_OBJC_IMPLICIT_RETAIN_SELF = YES;
				CLANG_WARN_OBJC_LITERAL_CONVERSION = YES;
				CLANG_WARN_OBJC_ROOT_CLASS = YES_ERROR;
				CLANG_WARN_QUOTED_INCLUDE_IN_FRAMEWORK_HEADER = YES;
				CLANG_WARN_RANGE_LOOP_ANALYSIS = YES;
				CLANG_WARN_STRICT_PROTOTYPES = YES;
				CLANG_WARN_SUSPICIOUS_MOVE = YES;
				CLANG_WARN_UNGUARDED_AVAILABILITY = YES_AGGRESSIVE;
				CLANG_WARN_UNREACHABLE_CODE = YES;
				CLANG_WARN__DUPLICATE_METHOD_MATCH = YES;
				COPY_PHASE_STRIP = NO;
				DEBUG_INFORMATION_FORMAT = dwarf;
				ENABLE_STRICT_OBJC_MSGSEND = YES;
				ENABLE_TESTABILITY = YES;
				ENABLE_USER_SCRIPT_SANDBOXING = YES;
				GCC_C_LANGUAGE_STANDARD = gnu17;
				GCC_DYNAMIC_NO_PIC = NO;
				GCC_NO_COMMON_BLOCKS = YES;
				GCC_OPTIMIZATION_LEVEL = 0;
				GCC_PREPROCESSOR_DEFINITIONS = (
					"DEBUG=1",
					"$(inherited)",
				);
				GCC_WARN_64_TO_32_BIT_CONVERSION = YES;
				GCC_WARN_ABOUT_RETURN_TYPE = YES_ERROR;
				GCC_WARN_UNDECLARED_SELECTOR = YES;
				GCC_WARN_UNINITIALIZED_AUTOS = YES_AGGRESSIVE;
				GCC_WARN_UNUSED_FUNCTION = YES;
				GCC_WARN_UNUSED_VARIABLE = YES;
				IPHONEOS_DEPLOYMENT_TARGET = 17.5;
				LOCALIZATION_PREFERS_STRING_CATALOGS = YES;
				MTL_ENABLE_DEBUG_INFO = INCLUDE_SOURCE;
				MTL_FAST_MATH = YES;
				ONLY_ACTIVE_ARCH = YES;
				SDKROOT = iphoneos;
				SWIFT_ACTIVE_COMPILATION_CONDITIONS = "DEBUG $(inherited)";
				SWIFT_OPTIMIZATION_LEVEL = "-Onone";
			};
			name = Debug;
		};
		344666C42C61AC4C00A2930A /* Release */ = {
			isa = XCBuildConfiguration;
			buildSettings = {
				ALWAYS_SEARCH_USER_PATHS = NO;
				ASSETCATALOG_COMPILER_GENERATE_SWIFT_ASSET_SYMBOL_EXTENSIONS = YES;
				CLANG_ANALYZER_NONNULL = YES;
				CLANG_ANALYZER_NUMBER_OBJECT_CONVERSION = YES_AGGRESSIVE;
				CLANG_CXX_LANGUAGE_STANDARD = "gnu++20";
				CLANG_ENABLE_MODULES = YES;
				CLANG_ENABLE_OBJC_ARC = YES;
				CLANG_ENABLE_OBJC_WEAK = YES;
				CLANG_WARN_BLOCK_CAPTURE_AUTORELEASING = YES;
				CLANG_WARN_BOOL_CONVERSION = YES;
				CLANG_WARN_COMMA = YES;
				CLANG_WARN_CONSTANT_CONVERSION = YES;
				CLANG_WARN_DEPRECATED_OBJC_IMPLEMENTATIONS = YES;
				CLANG_WARN_DIRECT_OBJC_ISA_USAGE = YES_ERROR;
				CLANG_WARN_DOCUMENTATION_COMMENTS = YES;
				CLANG_WARN_EMPTY_BODY = YES;
				CLANG_WARN_ENUM_CONVERSION = YES;
				CLANG_WARN_INFINITE_RECURSION = YES;
				CLANG_WARN_INT_CONVERSION = YES;
				CLANG_WARN_NON_LITERAL_NULL_CONVERSION = YES;
				CLANG_WARN_OBJC_IMPLICIT_RETAIN_SELF = YES;
				CLANG_WARN_OBJC_LITERAL_CONVERSION = YES;
				CLANG_WARN_OBJC_ROOT_CLASS = YES_ERROR;
				CLANG_WARN_QUOTED_INCLUDE_IN_FRAMEWORK_HEADER = YES;
				CLANG_WARN_RANGE_LOOP_ANALYSIS = YES;
				CLANG_WARN_STRICT_PROTOTYPES = YES;
				CLANG_WARN_SUSPICIOUS_MOVE = YES;
				CLANG_WARN_UNGUARDED_AVAILABILITY = YES_AGGRESSIVE;
				CLANG_WARN_UNREACHABLE_CODE = YES;
				CLANG_WARN__DUPLICATE_METHOD_MATCH = YES;
				COPY_PHASE_STRIP = NO;
				DEBUG_INFORMATION_FORMAT = "dwarf-with-dsym";
				ENABLE_NS_ASSERTIONS = NO;
				ENABLE_STRICT_OBJC_MSGSEND = YES;
				ENABLE_USER_SCRIPT_SANDBOXING = YES;
				GCC_C_LANGUAGE_STANDARD = gnu17;
				GCC_NO_COMMON_BLOCKS = YES;
				GCC_WARN_64_TO_32_BIT_CONVERSION = YES;
				GCC_WARN_ABOUT_RETURN_TYPE = YES_ERROR;
				GCC_WARN_UNDECLARED_SELECTOR = YES;
				GCC_WARN_UNINITIALIZED_AUTOS = YES_AGGRESSIVE;
				GCC_WARN_UNUSED_FUNCTION = YES;
				GCC_WARN_UNUSED_VARIABLE = YES;
				IPHONEOS_DEPLOYMENT_TARGET = 17.5;
				LOCALIZATION_PREFERS_STRING_CATALOGS = YES;
				MTL_ENABLE_DEBUG_INFO = NO;
				MTL_FAST_MATH = YES;
				SDKROOT = iphoneos;
				SWIFT_COMPILATION_MODE = wholemodule;
				VALIDATE_PRODUCT = YES;
			};
			name = Release;
		};
		344666C62C61AC4C00A2930A /* Debug */ = {
			isa = XCBuildConfiguration;
			buildSettings = {
				ASSETCATALOG_COMPILER_APPICON_NAME = AppIcon;
				ASSETCATALOG_COMPILER_GLOBAL_ACCENT_COLOR_NAME = AccentColor;
				CODE_SIGN_STYLE = Automatic;
				CURRENT_PROJECT_VERSION = 1;
				GENERATE_INFOPLIST_FILE = YES;
				INFOPLIST_FILE = AirbnbCloneBootcampProfessor/Info.plist;
				INFOPLIST_KEY_UIApplicationSupportsIndirectInputEvents = YES;
				INFOPLIST_KEY_UILaunchStoryboardName = LaunchScreen;
				INFOPLIST_KEY_UIMainStoryboardFile = "";
				INFOPLIST_KEY_UISupportedInterfaceOrientations_iPad = "UIInterfaceOrientationPortrait UIInterfaceOrientationPortraitUpsideDown UIInterfaceOrientationLandscapeLeft UIInterfaceOrientationLandscapeRight";
				INFOPLIST_KEY_UISupportedInterfaceOrientations_iPhone = "UIInterfaceOrientationPortrait UIInterfaceOrientationLandscapeLeft UIInterfaceOrientationLandscapeRight";
				LD_RUNPATH_SEARCH_PATHS = (
					"$(inherited)",
					"@executable_path/Frameworks",
				);
				MARKETING_VERSION = 1.0;
				PRODUCT_BUNDLE_IDENTIFIER = bootcampIOS.AirbnbCloneBootcampProfessor;
				PRODUCT_NAME = "$(TARGET_NAME)";
				SUPPORTED_PLATFORMS = "iphoneos iphonesimulator";
				SUPPORTS_MACCATALYST = NO;
				SUPPORTS_MAC_DESIGNED_FOR_IPHONE_IPAD = NO;
				SUPPORTS_XR_DESIGNED_FOR_IPHONE_IPAD = NO;
				SWIFT_EMIT_LOC_STRINGS = YES;
				SWIFT_VERSION = 5.0;
				TARGETED_DEVICE_FAMILY = "1,2";
			};
			name = Debug;
		};
		344666C72C61AC4C00A2930A /* Release */ = {
			isa = XCBuildConfiguration;
			buildSettings = {
				ASSETCATALOG_COMPILER_APPICON_NAME = AppIcon;
				ASSETCATALOG_COMPILER_GLOBAL_ACCENT_COLOR_NAME = AccentColor;
				CODE_SIGN_STYLE = Automatic;
				CURRENT_PROJECT_VERSION = 1;
				GENERATE_INFOPLIST_FILE = YES;
				INFOPLIST_FILE = AirbnbCloneBootcampProfessor/Info.plist;
				INFOPLIST_KEY_UIApplicationSupportsIndirectInputEvents = YES;
				INFOPLIST_KEY_UILaunchStoryboardName = LaunchScreen;
				INFOPLIST_KEY_UIMainStoryboardFile = "";
				INFOPLIST_KEY_UISupportedInterfaceOrientations_iPad = "UIInterfaceOrientationPortrait UIInterfaceOrientationPortraitUpsideDown UIInterfaceOrientationLandscapeLeft UIInterfaceOrientationLandscapeRight";
				INFOPLIST_KEY_UISupportedInterfaceOrientations_iPhone = "UIInterfaceOrientationPortrait UIInterfaceOrientationLandscapeLeft UIInterfaceOrientationLandscapeRight";
				LD_RUNPATH_SEARCH_PATHS = (
					"$(inherited)",
					"@executable_path/Frameworks",
				);
				MARKETING_VERSION = 1.0;
				PRODUCT_BUNDLE_IDENTIFIER = bootcampIOS.AirbnbCloneBootcampProfessor;
				PRODUCT_NAME = "$(TARGET_NAME)";
				SUPPORTED_PLATFORMS = "iphoneos iphonesimulator";
				SUPPORTS_MACCATALYST = NO;
				SUPPORTS_MAC_DESIGNED_FOR_IPHONE_IPAD = NO;
				SUPPORTS_XR_DESIGNED_FOR_IPHONE_IPAD = NO;
				SWIFT_EMIT_LOC_STRINGS = YES;
				SWIFT_VERSION = 5.0;
				TARGETED_DEVICE_FAMILY = "1,2";
			};
			name = Release;
		};
/* End XCBuildConfiguration section */

/* Begin XCConfigurationList section */
		344666AC2C61AC4A00A2930A /* Build configuration list for PBXProject "AirbnbCloneBootcampProfessor" */ = {
			isa = XCConfigurationList;
			buildConfigurations = (
				344666C32C61AC4C00A2930A /* Debug */,
				344666C42C61AC4C00A2930A /* Release */,
			);
			defaultConfigurationIsVisible = 0;
			defaultConfigurationName = Release;
		};
		344666C52C61AC4C00A2930A /* Build configuration list for PBXNativeTarget "AirbnbCloneBootcampProfessor" */ = {
			isa = XCConfigurationList;
			buildConfigurations = (
				344666C62C61AC4C00A2930A /* Debug */,
				344666C72C61AC4C00A2930A /* Release */,
			);
			defaultConfigurationIsVisible = 0;
			defaultConfigurationName = Release;
		};
/* End XCConfigurationList section */

/* Begin XCRemoteSwiftPackageReference section */
		342C99F92CA3728100065F76 /* XCRemoteSwiftPackageReference "firebase-ios-sdk" */ = {
			isa = XCRemoteSwiftPackageReference;
			repositoryURL = "https://github.com/firebase/firebase-ios-sdk";
			requirement = {
				kind = upToNextMajorVersion;
				minimumVersion = 11.2.0;
			};
		};
		342C99FC2CA3786900065F76 /* XCRemoteSwiftPackageReference "GoogleSignIn-iOS" */ = {
			isa = XCRemoteSwiftPackageReference;
			repositoryURL = "https://github.com/google/GoogleSignIn-iOS";
			requirement = {
				kind = upToNextMajorVersion;
				minimumVersion = 8.0.0;
			};
		};
		342C9A032CA381F500065F76 /* XCRemoteSwiftPackageReference "facebook-ios-sdk" */ = {
			isa = XCRemoteSwiftPackageReference;
			repositoryURL = "https://github.com/facebook/facebook-ios-sdk";
			requirement = {
				kind = upToNextMajorVersion;
				minimumVersion = 14.1.0;
			};
		};
/* End XCRemoteSwiftPackageReference section */

/* Begin XCSwiftPackageProductDependency section */
		342C99FA2CA3728100065F76 /* FirebaseAuth */ = {
			isa = XCSwiftPackageProductDependency;
			package = 342C99F92CA3728100065F76 /* XCRemoteSwiftPackageReference "firebase-ios-sdk" */;
			productName = FirebaseAuth;
		};
		342C99FD2CA3786900065F76 /* GoogleSignIn */ = {
			isa = XCSwiftPackageProductDependency;
			package = 342C99FC2CA3786900065F76 /* XCRemoteSwiftPackageReference "GoogleSignIn-iOS" */;
			productName = GoogleSignIn;
		};
		342C99FF2CA3786900065F76 /* GoogleSignInSwift */ = {
			isa = XCSwiftPackageProductDependency;
			package = 342C99FC2CA3786900065F76 /* XCRemoteSwiftPackageReference "GoogleSignIn-iOS" */;
			productName = GoogleSignInSwift;
		};
		342C9A042CA381F500065F76 /* FacebookCore */ = {
			isa = XCSwiftPackageProductDependency;
			package = 342C9A032CA381F500065F76 /* XCRemoteSwiftPackageReference "facebook-ios-sdk" */;
			productName = FacebookCore;
		};
		342C9A062CA381F500065F76 /* FacebookLogin */ = {
			isa = XCSwiftPackageProductDependency;
			package = 342C9A032CA381F500065F76 /* XCRemoteSwiftPackageReference "facebook-ios-sdk" */;
			productName = FacebookLogin;
		};
		342C9A092CA396D100065F76 /* FirebaseRemoteConfig */ = {
			isa = XCSwiftPackageProductDependency;
			package = 342C99F92CA3728100065F76 /* XCRemoteSwiftPackageReference "firebase-ios-sdk" */;
			productName = FirebaseRemoteConfig;
		};
		3431D45C2CAE09E5002C68AB /* FirebaseFirestore */ = {
			isa = XCSwiftPackageProductDependency;
			package = 342C99F92CA3728100065F76 /* XCRemoteSwiftPackageReference "firebase-ios-sdk" */;
			productName = FirebaseFirestore;
		};
/* End XCSwiftPackageProductDependency section */
	};
	rootObject = 344666A92C61AC4A00A2930A /* Project object */;
}
