// !$*UTF8*$!
{
	archiveVersion = 1;
	classes = {
	};
	objectVersion = 56;
	objects = {

/* Begin PBXBuildFile section */
		344666B52C61AC4A00A2930A /* AppDelegate.swift in Sources */ = {isa = PBXBuildFile; fileRef = 344666B42C61AC4A00A2930A /* AppDelegate.swift */; };
		344666B72C61AC4A00A2930A /* SceneDelegate.swift in Sources */ = {isa = PBXBuildFile; fileRef = 344666B62C61AC4A00A2930A /* SceneDelegate.swift */; };
		344666B92C61AC4A00A2930A /* MainTabBarController.swift in Sources */ = {isa = PBXBuildFile; fileRef = 344666B82C61AC4A00A2930A /* MainTabBarController.swift */; };
		344666BE2C61AC4C00A2930A /* Assets.xcassets in Resources */ = {isa = PBXBuildFile; fileRef = 344666BD2C61AC4C00A2930A /* Assets.xcassets */; };
		344666C12C61AC4C00A2930A /* Base in Resources */ = {isa = PBXBuildFile; fileRef = 344666C02C61AC4C00A2930A /* Base */; };
		344666CB2C61B95600A2930A /* ExploreViewController.swift in Sources */ = {isa = PBXBuildFile; fileRef = 344666CA2C61B95600A2930A /* ExploreViewController.swift */; };
		344666CE2C61B97000A2930A /* ExploreScreen.swift in Sources */ = {isa = PBXBuildFile; fileRef = 344666CD2C61B97000A2930A /* ExploreScreen.swift */; };
		344666D12C61B9AC00A2930A /* FavoriteViewController.swift in Sources */ = {isa = PBXBuildFile; fileRef = 344666D02C61B9AC00A2930A /* FavoriteViewController.swift */; };
		344666D42C61B9C700A2930A /* FavoriteScreen.swift in Sources */ = {isa = PBXBuildFile; fileRef = 344666D32C61B9C700A2930A /* FavoriteScreen.swift */; };
		344666D72C61BA1200A2930A /* TravelViewController.swift in Sources */ = {isa = PBXBuildFile; fileRef = 344666D62C61BA1200A2930A /* TravelViewController.swift */; };
		344666DA2C61BA3600A2930A /* TravelScreen.swift in Sources */ = {isa = PBXBuildFile; fileRef = 344666D92C61BA3600A2930A /* TravelScreen.swift */; };
		344666DD2C61BA9900A2930A /* MessageViewController.swift in Sources */ = {isa = PBXBuildFile; fileRef = 344666DC2C61BA9900A2930A /* MessageViewController.swift */; };
		344666E02C61BAB400A2930A /* MessageScreen.swift in Sources */ = {isa = PBXBuildFile; fileRef = 344666DF2C61BAB400A2930A /* MessageScreen.swift */; };
		344666E32C61BAEE00A2930A /* ProfileViewController.swift in Sources */ = {isa = PBXBuildFile; fileRef = 344666E22C61BAEE00A2930A /* ProfileViewController.swift */; };
		344666E62C61BB0900A2930A /* ProfileScreen.swift in Sources */ = {isa = PBXBuildFile; fileRef = 344666E52C61BB0900A2930A /* ProfileScreen.swift */; };
		3446670B2C65A8C200A2930A /* SearchBarView.swift in Sources */ = {isa = PBXBuildFile; fileRef = 3446670A2C65A8C200A2930A /* SearchBarView.swift */; };
/* End PBXBuildFile section */

/* Begin PBXFileReference section */
		344666B12C61AC4A00A2930A /* AirbnbCloneBootcampProfessor.app */ = {isa = PBXFileReference; explicitFileType = wrapper.application; includeInIndex = 0; path = AirbnbCloneBootcampProfessor.app; sourceTree = BUILT_PRODUCTS_DIR; };
		344666B42C61AC4A00A2930A /* AppDelegate.swift */ = {isa = PBXFileReference; lastKnownFileType = sourcecode.swift; path = AppDelegate.swift; sourceTree = "<group>"; };
		344666B62C61AC4A00A2930A /* SceneDelegate.swift */ = {isa = PBXFileReference; lastKnownFileType = sourcecode.swift; path = SceneDelegate.swift; sourceTree = "<group>"; };
		344666B82C61AC4A00A2930A /* MainTabBarController.swift */ = {isa = PBXFileReference; lastKnownFileType = sourcecode.swift; path = MainTabBarController.swift; sourceTree = "<group>"; };
		344666BD2C61AC4C00A2930A /* Assets.xcassets */ = {isa = PBXFileReference; lastKnownFileType = folder.assetcatalog; path = Assets.xcassets; sourceTree = "<group>"; };
		344666C02C61AC4C00A2930A /* Base */ = {isa = PBXFileReference; lastKnownFileType = file.storyboard; name = Base; path = Base.lproj/LaunchScreen.storyboard; sourceTree = "<group>"; };
		344666C22C61AC4C00A2930A /* Info.plist */ = {isa = PBXFileReference; lastKnownFileType = text.plist.xml; path = Info.plist; sourceTree = "<group>"; };
		344666CA2C61B95600A2930A /* ExploreViewController.swift */ = {isa = PBXFileReference; lastKnownFileType = sourcecode.swift; path = ExploreViewController.swift; sourceTree = "<group>"; };
		344666CD2C61B97000A2930A /* ExploreScreen.swift */ = {isa = PBXFileReference; lastKnownFileType = sourcecode.swift; path = ExploreScreen.swift; sourceTree = "<group>"; };
		344666D02C61B9AC00A2930A /* FavoriteViewController.swift */ = {isa = PBXFileReference; lastKnownFileType = sourcecode.swift; path = FavoriteViewController.swift; sourceTree = "<group>"; };
		344666D32C61B9C700A2930A /* FavoriteScreen.swift */ = {isa = PBXFileReference; lastKnownFileType = sourcecode.swift; path = FavoriteScreen.swift; sourceTree = "<group>"; };
		344666D62C61BA1200A2930A /* TravelViewController.swift */ = {isa = PBXFileReference; lastKnownFileType = sourcecode.swift; path = TravelViewController.swift; sourceTree = "<group>"; };
		344666D92C61BA3600A2930A /* TravelScreen.swift */ = {isa = PBXFileReference; lastKnownFileType = sourcecode.swift; path = TravelScreen.swift; sourceTree = "<group>"; };
		344666DC2C61BA9900A2930A /* MessageViewController.swift */ = {isa = PBXFileReference; lastKnownFileType = sourcecode.swift; path = MessageViewController.swift; sourceTree = "<group>"; };
		344666DF2C61BAB400A2930A /* MessageScreen.swift */ = {isa = PBXFileReference; lastKnownFileType = sourcecode.swift; path = MessageScreen.swift; sourceTree = "<group>"; };
		344666E22C61BAEE00A2930A /* ProfileViewController.swift */ = {isa = PBXFileReference; lastKnownFileType = sourcecode.swift; path = ProfileViewController.swift; sourceTree = "<group>"; };
		344666E52C61BB0900A2930A /* ProfileScreen.swift */ = {isa = PBXFileReference; lastKnownFileType = sourcecode.swift; path = ProfileScreen.swift; sourceTree = "<group>"; };
		3446670A2C65A8C200A2930A /* SearchBarView.swift */ = {isa = PBXFileReference; lastKnownFileType = sourcecode.swift; path = SearchBarView.swift; sourceTree = "<group>"; };
/* End PBXFileReference section */

/* Begin PBXFrameworksBuildPhase section */
		344666AE2C61AC4A00A2930A /* Frameworks */ = {
			isa = PBXFrameworksBuildPhase;
			buildActionMask = 2147483647;
			files = (
			);
			runOnlyForDeploymentPostprocessing = 0;
		};
/* End PBXFrameworksBuildPhase section */

/* Begin PBXGroup section */
		344666A82C61AC4A00A2930A = {
			isa = PBXGroup;
			children = (
				344666B32C61AC4A00A2930A /* AirbnbCloneBootcampProfessor */,
				344666B22C61AC4A00A2930A /* Products */,
			);
			sourceTree = "<group>";
		};
		344666B22C61AC4A00A2930A /* Products */ = {
			isa = PBXGroup;
			children = (
				344666B12C61AC4A00A2930A /* AirbnbCloneBootcampProfessor.app */,
			);
			name = Products;
			sourceTree = "<group>";
		};
		344666B32C61AC4A00A2930A /* AirbnbCloneBootcampProfessor */ = {
			isa = PBXGroup;
			children = (
				344667092C65A8AE00A2930A /* SearchBarView */,
				344666E12C61BAE600A2930A /* Profile */,
				344666DB2C61BA8A00A2930A /* Message */,
				344666D52C61BA0200A2930A /* Travel */,
				344666CF2C61B9A500A2930A /* Favorite */,
				344666C92C61B95000A2930A /* Explore */,
				344666C82C61B92600A2930A /* MainTabBarController */,
				344666B42C61AC4A00A2930A /* AppDelegate.swift */,
				344666B62C61AC4A00A2930A /* SceneDelegate.swift */,
				344666BD2C61AC4C00A2930A /* Assets.xcassets */,
				344666BF2C61AC4C00A2930A /* LaunchScreen.storyboard */,
				344666C22C61AC4C00A2930A /* Info.plist */,
			);
			path = AirbnbCloneBootcampProfessor;
			sourceTree = "<group>";
		};
		344666C82C61B92600A2930A /* MainTabBarController */ = {
			isa = PBXGroup;
			children = (
				344666B82C61AC4A00A2930A /* MainTabBarController.swift */,
			);
			path = MainTabBarController;
			sourceTree = "<group>";
		};
		344666C92C61B95000A2930A /* Explore */ = {
			isa = PBXGroup;
			children = (
				344666CC2C61B96400A2930A /* Screen */,
				344666CA2C61B95600A2930A /* ExploreViewController.swift */,
			);
			path = Explore;
			sourceTree = "<group>";
		};
		344666CC2C61B96400A2930A /* Screen */ = {
			isa = PBXGroup;
			children = (
				344666CD2C61B97000A2930A /* ExploreScreen.swift */,
			);
			path = Screen;
			sourceTree = "<group>";
		};
		344666CF2C61B9A500A2930A /* Favorite */ = {
			isa = PBXGroup;
			children = (
				344666D22C61B9BC00A2930A /* Screen */,
				344666D02C61B9AC00A2930A /* FavoriteViewController.swift */,
			);
			path = Favorite;
			sourceTree = "<group>";
		};
		344666D22C61B9BC00A2930A /* Screen */ = {
			isa = PBXGroup;
			children = (
				344666D32C61B9C700A2930A /* FavoriteScreen.swift */,
			);
			path = Screen;
			sourceTree = "<group>";
		};
		344666D52C61BA0200A2930A /* Travel */ = {
			isa = PBXGroup;
			children = (
				344666D82C61BA2900A2930A /* Screen */,
				344666D62C61BA1200A2930A /* TravelViewController.swift */,
			);
			path = Travel;
			sourceTree = "<group>";
		};
		344666D82C61BA2900A2930A /* Screen */ = {
			isa = PBXGroup;
			children = (
				344666D92C61BA3600A2930A /* TravelScreen.swift */,
			);
			path = Screen;
			sourceTree = "<group>";
		};
		344666DB2C61BA8A00A2930A /* Message */ = {
			isa = PBXGroup;
			children = (
				344666DE2C61BAAB00A2930A /* Screen */,
				344666DC2C61BA9900A2930A /* MessageViewController.swift */,
			);
			path = Message;
			sourceTree = "<group>";
		};
		344666DE2C61BAAB00A2930A /* Screen */ = {
			isa = PBXGroup;
			children = (
				344666DF2C61BAB400A2930A /* MessageScreen.swift */,
			);
			path = Screen;
			sourceTree = "<group>";
		};
		344666E12C61BAE600A2930A /* Profile */ = {
			isa = PBXGroup;
			children = (
				344666E42C61BB0100A2930A /* Screen */,
				344666E22C61BAEE00A2930A /* ProfileViewController.swift */,
			);
			path = Profile;
			sourceTree = "<group>";
		};
		344666E42C61BB0100A2930A /* Screen */ = {
			isa = PBXGroup;
			children = (
				344666E52C61BB0900A2930A /* ProfileScreen.swift */,
			);
			path = Screen;
			sourceTree = "<group>";
		};
		344667092C65A8AE00A2930A /* SearchBarView */ = {
			isa = PBXGroup;
			children = (
				3446670A2C65A8C200A2930A /* SearchBarView.swift */,
			);
			path = SearchBarView;
			sourceTree = "<group>";
		};
/* End PBXGroup section */

/* Begin PBXNativeTarget section */
		344666B02C61AC4A00A2930A /* AirbnbCloneBootcampProfessor */ = {
			isa = PBXNativeTarget;
			buildConfigurationList = 344666C52C61AC4C00A2930A /* Build configuration list for PBXNativeTarget "AirbnbCloneBootcampProfessor" */;
			buildPhases = (
				344666AD2C61AC4A00A2930A /* Sources */,
				344666AE2C61AC4A00A2930A /* Frameworks */,
				344666AF2C61AC4A00A2930A /* Resources */,
			);
			buildRules = (
			);
			dependencies = (
			);
			name = AirbnbCloneBootcampProfessor;
			productName = AirbnbCloneBootcampProfessor;
			productReference = 344666B12C61AC4A00A2930A /* AirbnbCloneBootcampProfessor.app */;
			productType = "com.apple.product-type.application";
		};
/* End PBXNativeTarget section */

/* Begin PBXProject section */
		344666A92C61AC4A00A2930A /* Project object */ = {
			isa = PBXProject;
			attributes = {
				BuildIndependentTargetsInParallel = 1;
				LastSwiftUpdateCheck = 1540;
				LastUpgradeCheck = 1540;
				TargetAttributes = {
					344666B02C61AC4A00A2930A = {
						CreatedOnToolsVersion = 15.4;
					};
				};
			};
			buildConfigurationList = 344666AC2C61AC4A00A2930A /* Build configuration list for PBXProject "AirbnbCloneBootcampProfessor" */;
			compatibilityVersion = "Xcode 14.0";
			developmentRegion = en;
			hasScannedForEncodings = 0;
			knownRegions = (
				en,
				Base,
			);
			mainGroup = 344666A82C61AC4A00A2930A;
			productRefGroup = 344666B22C61AC4A00A2930A /* Products */;
			projectDirPath = "";
			projectRoot = "";
			targets = (
				344666B02C61AC4A00A2930A /* AirbnbCloneBootcampProfessor */,
			);
		};
/* End PBXProject section */

/* Begin PBXResourcesBuildPhase section */
		344666AF2C61AC4A00A2930A /* Resources */ = {
			isa = PBXResourcesBuildPhase;
			buildActionMask = 2147483647;
			files = (
				344666BE2C61AC4C00A2930A /* Assets.xcassets in Resources */,
				344666C12C61AC4C00A2930A /* Base in Resources */,
			);
			runOnlyForDeploymentPostprocessing = 0;
		};
/* End PBXResourcesBuildPhase section */

/* Begin PBXSourcesBuildPhase section */
		344666AD2C61AC4A00A2930A /* Sources */ = {
			isa = PBXSourcesBuildPhase;
			buildActionMask = 2147483647;
			files = (
				344666CE2C61B97000A2930A /* ExploreScreen.swift in Sources */,
				344666DA2C61BA3600A2930A /* TravelScreen.swift in Sources */,
				344666CB2C61B95600A2930A /* ExploreViewController.swift in Sources */,
				344666D72C61BA1200A2930A /* TravelViewController.swift in Sources */,
				344666E62C61BB0900A2930A /* ProfileScreen.swift in Sources */,
				344666DD2C61BA9900A2930A /* MessageViewController.swift in Sources */,
				344666B92C61AC4A00A2930A /* MainTabBarController.swift in Sources */,
				344666E32C61BAEE00A2930A /* ProfileViewController.swift in Sources */,
				344666B52C61AC4A00A2930A /* AppDelegate.swift in Sources */,
				344666E02C61BAB400A2930A /* MessageScreen.swift in Sources */,
				3446670B2C65A8C200A2930A /* SearchBarView.swift in Sources */,
				344666D42C61B9C700A2930A /* FavoriteScreen.swift in Sources */,
				344666D12C61B9AC00A2930A /* FavoriteViewController.swift in Sources */,
				344666B72C61AC4A00A2930A /* SceneDelegate.swift in Sources */,
			);
			runOnlyForDeploymentPostprocessing = 0;
		};
/* End PBXSourcesBuildPhase section */

/* Begin PBXVariantGroup section */
		344666BF2C61AC4C00A2930A /* LaunchScreen.storyboard */ = {
			isa = PBXVariantGroup;
			children = (
				344666C02C61AC4C00A2930A /* Base */,
			);
			name = LaunchScreen.storyboard;
			sourceTree = "<group>";
		};
/* End PBXVariantGroup section */

/* Begin XCBuildConfiguration section */
		344666C32C61AC4C00A2930A /* Debug */ = {
			isa = XCBuildConfiguration;
			buildSettings = {
				ALWAYS_SEARCH_USER_PATHS = NO;
				ASSETCATALOG_COMPILER_GENERATE_SWIFT_ASSET_SYMBOL_EXTENSIONS = YES;
				CLANG_ANALYZER_NONNULL = YES;
				CLANG_ANALYZER_NUMBER_OBJECT_CONVERSION = YES_AGGRESSIVE;
				CLANG_CXX_LANGUAGE_STANDARD = "gnu++20";
				CLANG_ENABLE_MODULES = YES;
				CLANG_ENABLE_OBJC_ARC = YES;
				CLANG_ENABLE_OBJC_WEAK = YES;
				CLANG_WARN_BLOCK_CAPTURE_AUTORELEASING = YES;
				CLANG_WARN_BOOL_CONVERSION = YES;
				CLANG_WARN_COMMA = YES;
				CLANG_WARN_CONSTANT_CONVERSION = YES;
				CLANG_WARN_DEPRECATED_OBJC_IMPLEMENTATIONS = YES;
				CLANG_WARN_DIRECT_OBJC_ISA_USAGE = YES_ERROR;
				CLANG_WARN_DOCUMENTATION_COMMENTS = YES;
				CLANG_WARN_EMPTY_BODY = YES;
				CLANG_WARN_ENUM_CONVERSION = YES;
				CLANG_WARN_INFINITE_RECURSION = YES;
				CLANG_WARN_INT_CONVERSION = YES;
				CLANG_WARN_NON_LITERAL_NULL_CONVERSION = YES;
				CLANG_WARN_OBJC_IMPLICIT_RETAIN_SELF = YES;
				CLANG_WARN_OBJC_LITERAL_CONVERSION = YES;
				CLANG_WARN_OBJC_ROOT_CLASS = YES_ERROR;
				CLANG_WARN_QUOTED_INCLUDE_IN_FRAMEWORK_HEADER = YES;
				CLANG_WARN_RANGE_LOOP_ANALYSIS = YES;
				CLANG_WARN_STRICT_PROTOTYPES = YES;
				CLANG_WARN_SUSPICIOUS_MOVE = YES;
				CLANG_WARN_UNGUARDED_AVAILABILITY = YES_AGGRESSIVE;
				CLANG_WARN_UNREACHABLE_CODE = YES;
				CLANG_WARN__DUPLICATE_METHOD_MATCH = YES;
				COPY_PHASE_STRIP = NO;
				DEBUG_INFORMATION_FORMAT = dwarf;
				ENABLE_STRICT_OBJC_MSGSEND = YES;
				ENABLE_TESTABILITY = YES;
				ENABLE_USER_SCRIPT_SANDBOXING = YES;
				GCC_C_LANGUAGE_STANDARD = gnu17;
				GCC_DYNAMIC_NO_PIC = NO;
				GCC_NO_COMMON_BLOCKS = YES;
				GCC_OPTIMIZATION_LEVEL = 0;
				GCC_PREPROCESSOR_DEFINITIONS = (
					"DEBUG=1",
					"$(inherited)",
				);
				GCC_WARN_64_TO_32_BIT_CONVERSION = YES;
				GCC_WARN_ABOUT_RETURN_TYPE = YES_ERROR;
				GCC_WARN_UNDECLARED_SELECTOR = YES;
				GCC_WARN_UNINITIALIZED_AUTOS = YES_AGGRESSIVE;
				GCC_WARN_UNUSED_FUNCTION = YES;
				GCC_WARN_UNUSED_VARIABLE = YES;
				IPHONEOS_DEPLOYMENT_TARGET = 17.5;
				LOCALIZATION_PREFERS_STRING_CATALOGS = YES;
				MTL_ENABLE_DEBUG_INFO = INCLUDE_SOURCE;
				MTL_FAST_MATH = YES;
				ONLY_ACTIVE_ARCH = YES;
				SDKROOT = iphoneos;
				SWIFT_ACTIVE_COMPILATION_CONDITIONS = "DEBUG $(inherited)";
				SWIFT_OPTIMIZATION_LEVEL = "-Onone";
			};
			name = Debug;
		};
		344666C42C61AC4C00A2930A /* Release */ = {
			isa = XCBuildConfiguration;
			buildSettings = {
				ALWAYS_SEARCH_USER_PATHS = NO;
				ASSETCATALOG_COMPILER_GENERATE_SWIFT_ASSET_SYMBOL_EXTENSIONS = YES;
				CLANG_ANALYZER_NONNULL = YES;
				CLANG_ANALYZER_NUMBER_OBJECT_CONVERSION = YES_AGGRESSIVE;
				CLANG_CXX_LANGUAGE_STANDARD = "gnu++20";
				CLANG_ENABLE_MODULES = YES;
				CLANG_ENABLE_OBJC_ARC = YES;
				CLANG_ENABLE_OBJC_WEAK = YES;
				CLANG_WARN_BLOCK_CAPTURE_AUTORELEASING = YES;
				CLANG_WARN_BOOL_CONVERSION = YES;
				CLANG_WARN_COMMA = YES;
				CLANG_WARN_CONSTANT_CONVERSION = YES;
				CLANG_WARN_DEPRECATED_OBJC_IMPLEMENTATIONS = YES;
				CLANG_WARN_DIRECT_OBJC_ISA_USAGE = YES_ERROR;
				CLANG_WARN_DOCUMENTATION_COMMENTS = YES;
				CLANG_WARN_EMPTY_BODY = YES;
				CLANG_WARN_ENUM_CONVERSION = YES;
				CLANG_WARN_INFINITE_RECURSION = YES;
				CLANG_WARN_INT_CONVERSION = YES;
				CLANG_WARN_NON_LITERAL_NULL_CONVERSION = YES;
				CLANG_WARN_OBJC_IMPLICIT_RETAIN_SELF = YES;
				CLANG_WARN_OBJC_LITERAL_CONVERSION = YES;
				CLANG_WARN_OBJC_ROOT_CLASS = YES_ERROR;
				CLANG_WARN_QUOTED_INCLUDE_IN_FRAMEWORK_HEADER = YES;
				CLANG_WARN_RANGE_LOOP_ANALYSIS = YES;
				CLANG_WARN_STRICT_PROTOTYPES = YES;
				CLANG_WARN_SUSPICIOUS_MOVE = YES;
				CLANG_WARN_UNGUARDED_AVAILABILITY = YES_AGGRESSIVE;
				CLANG_WARN_UNREACHABLE_CODE = YES;
				CLANG_WARN__DUPLICATE_METHOD_MATCH = YES;
				COPY_PHASE_STRIP = NO;
				DEBUG_INFORMATION_FORMAT = "dwarf-with-dsym";
				ENABLE_NS_ASSERTIONS = NO;
				ENABLE_STRICT_OBJC_MSGSEND = YES;
				ENABLE_USER_SCRIPT_SANDBOXING = YES;
				GCC_C_LANGUAGE_STANDARD = gnu17;
				GCC_NO_COMMON_BLOCKS = YES;
				GCC_WARN_64_TO_32_BIT_CONVERSION = YES;
				GCC_WARN_ABOUT_RETURN_TYPE = YES_ERROR;
				GCC_WARN_UNDECLARED_SELECTOR = YES;
				GCC_WARN_UNINITIALIZED_AUTOS = YES_AGGRESSIVE;
				GCC_WARN_UNUSED_FUNCTION = YES;
				GCC_WARN_UNUSED_VARIABLE = YES;
				IPHONEOS_DEPLOYMENT_TARGET = 17.5;
				LOCALIZATION_PREFERS_STRING_CATALOGS = YES;
				MTL_ENABLE_DEBUG_INFO = NO;
				MTL_FAST_MATH = YES;
				SDKROOT = iphoneos;
				SWIFT_COMPILATION_MODE = wholemodule;
				VALIDATE_PRODUCT = YES;
			};
			name = Release;
		};
		344666C62C61AC4C00A2930A /* Debug */ = {
			isa = XCBuildConfiguration;
			buildSettings = {
				ASSETCATALOG_COMPILER_APPICON_NAME = AppIcon;
				ASSETCATALOG_COMPILER_GLOBAL_ACCENT_COLOR_NAME = AccentColor;
				CODE_SIGN_STYLE = Automatic;
				CURRENT_PROJECT_VERSION = 1;
				GENERATE_INFOPLIST_FILE = YES;
				INFOPLIST_FILE = AirbnbCloneBootcampProfessor/Info.plist;
				INFOPLIST_KEY_UIApplicationSupportsIndirectInputEvents = YES;
				INFOPLIST_KEY_UILaunchStoryboardName = LaunchScreen;
				INFOPLIST_KEY_UIMainStoryboardFile = "";
				INFOPLIST_KEY_UISupportedInterfaceOrientations_iPad = "UIInterfaceOrientationPortrait UIInterfaceOrientationPortraitUpsideDown UIInterfaceOrientationLandscapeLeft UIInterfaceOrientationLandscapeRight";
				INFOPLIST_KEY_UISupportedInterfaceOrientations_iPhone = "UIInterfaceOrientationPortrait UIInterfaceOrientationLandscapeLeft UIInterfaceOrientationLandscapeRight";
				LD_RUNPATH_SEARCH_PATHS = (
					"$(inherited)",
					"@executable_path/Frameworks",
				);
				MARKETING_VERSION = 1.0;
				PRODUCT_BUNDLE_IDENTIFIER = bootcampIOS.AirbnbCloneBootcampProfessor;
				PRODUCT_NAME = "$(TARGET_NAME)";
				SUPPORTED_PLATFORMS = "iphoneos iphonesimulator";
				SUPPORTS_MACCATALYST = NO;
				SUPPORTS_MAC_DESIGNED_FOR_IPHONE_IPAD = NO;
				SUPPORTS_XR_DESIGNED_FOR_IPHONE_IPAD = NO;
				SWIFT_EMIT_LOC_STRINGS = YES;
				SWIFT_VERSION = 5.0;
				TARGETED_DEVICE_FAMILY = "1,2";
			};
			name = Debug;
		};
		344666C72C61AC4C00A2930A /* Release */ = {
			isa = XCBuildConfiguration;
			buildSettings = {
				ASSETCATALOG_COMPILER_APPICON_NAME = AppIcon;
				ASSETCATALOG_COMPILER_GLOBAL_ACCENT_COLOR_NAME = AccentColor;
				CODE_SIGN_STYLE = Automatic;
				CURRENT_PROJECT_VERSION = 1;
				GENERATE_INFOPLIST_FILE = YES;
				INFOPLIST_FILE = AirbnbCloneBootcampProfessor/Info.plist;
				INFOPLIST_KEY_UIApplicationSupportsIndirectInputEvents = YES;
				INFOPLIST_KEY_UILaunchStoryboardName = LaunchScreen;
				INFOPLIST_KEY_UIMainStoryboardFile = "";
				INFOPLIST_KEY_UISupportedInterfaceOrientations_iPad = "UIInterfaceOrientationPortrait UIInterfaceOrientationPortraitUpsideDown UIInterfaceOrientationLandscapeLeft UIInterfaceOrientationLandscapeRight";
				INFOPLIST_KEY_UISupportedInterfaceOrientations_iPhone = "UIInterfaceOrientationPortrait UIInterfaceOrientationLandscapeLeft UIInterfaceOrientationLandscapeRight";
				LD_RUNPATH_SEARCH_PATHS = (
					"$(inherited)",
					"@executable_path/Frameworks",
				);
				MARKETING_VERSION = 1.0;
				PRODUCT_BUNDLE_IDENTIFIER = bootcampIOS.AirbnbCloneBootcampProfessor;
				PRODUCT_NAME = "$(TARGET_NAME)";
				SUPPORTED_PLATFORMS = "iphoneos iphonesimulator";
				SUPPORTS_MACCATALYST = NO;
				SUPPORTS_MAC_DESIGNED_FOR_IPHONE_IPAD = NO;
				SUPPORTS_XR_DESIGNED_FOR_IPHONE_IPAD = NO;
				SWIFT_EMIT_LOC_STRINGS = YES;
				SWIFT_VERSION = 5.0;
				TARGETED_DEVICE_FAMILY = "1,2";
			};
			name = Release;
		};
/* End XCBuildConfiguration section */

/* Begin XCConfigurationList section */
		344666AC2C61AC4A00A2930A /* Build configuration list for PBXProject "AirbnbCloneBootcampProfessor" */ = {
			isa = XCConfigurationList;
			buildConfigurations = (
				344666C32C61AC4C00A2930A /* Debug */,
				344666C42C61AC4C00A2930A /* Release */,
			);
			defaultConfigurationIsVisible = 0;
			defaultConfigurationName = Release;
		};
		344666C52C61AC4C00A2930A /* Build configuration list for PBXNativeTarget "AirbnbCloneBootcampProfessor" */ = {
			isa = XCConfigurationList;
			buildConfigurations = (
				344666C62C61AC4C00A2930A /* Debug */,
				344666C72C61AC4C00A2930A /* Release */,
			);
			defaultConfigurationIsVisible = 0;
			defaultConfigurationName = Release;
		};
/* End XCConfigurationList section */
	};
	rootObject = 344666A92C61AC4A00A2930A /* Project object */;
}
